
Microsoft Visual Studio Solution File, Format Version 12.00
# Visual Studio Version 17
VisualStudioVersion = 17.13.35931.197
MinimumVisualStudioVersion = 10.0.40219.1
Project("{54A90642-561A-4BB1-A94E-469ADEE60C69}") = "simplecameraupload.client", "simplecameraupload.client\simplecameraupload.client.esproj", "{B5A13522-BFE5-F07F-797D-A29FC6A839B5}"
EndProject
Project("{FAE04EC0-301F-11D3-BF4B-00C04F79EFBC}") = "SimpleCameraUpload.Server", "SimpleCameraUpload.Server\SimpleCameraUpload.Server.csproj", "{FE70346F-33A1-4188-B54C-98BCB437DF85}"
EndProject
Project("{E53339B2-1760-4266-BCC7-CA923CBCF16C}") = "docker-compose", "docker-compose.dcproj", "{81DDED9D-158B-E303-5F62-77A2896D2A5A}"
EndProject
Global
	GlobalSection(SolutionConfigurationPlatforms) = preSolution
		Debug|Any CPU = Debug|Any CPU
		Release|Any CPU = Release|Any CPU
	EndGlobalSection
	GlobalSection(ProjectConfigurationPlatforms) = postSolution
		{B5A13522-BFE5-F07F-797D-A29FC6A839B5}.Debug|Any CPU.ActiveCfg = Debug|Any CPU
		{B5A13522-BFE5-F07F-797D-A29FC6A839B5}.Debug|Any CPU.Build.0 = Debug|Any CPU
		{B5A13522-BFE5-F07F-797D-A29FC6A839B5}.Debug|Any CPU.Deploy.0 = Debug|Any CPU
		{B5A13522-BFE5-F07F-797D-A29FC6A839B5}.Release|Any CPU.ActiveCfg = Release|Any CPU
		{B5A13522-BFE5-F07F-797D-A29FC6A839B5}.Release|Any CPU.Build.0 = Release|Any CPU
		{B5A13522-BFE5-F07F-797D-A29FC6A839B5}.Release|Any CPU.Deploy.0 = Release|Any CPU
		{FE70346F-33A1-4188-B54C-98BCB437DF85}.Debug|Any CPU.ActiveCfg = Debug|Any CPU
		{FE70346F-33A1-4188-B54C-98BCB437DF85}.Debug|Any CPU.Build.0 = Debug|Any CPU
		{FE70346F-33A1-4188-B54C-98BCB437DF85}.Release|Any CPU.ActiveCfg = Release|Any CPU
		{FE70346F-33A1-4188-B54C-98BCB437DF85}.Release|Any CPU.Build.0 = Release|Any CPU
		{81DDED9D-158B-E303-5F62-77A2896D2A5A}.Debug|Any CPU.ActiveCfg = Debug|Any CPU
		{81DDED9D-158B-E303-5F62-77A2896D2A5A}.Debug|Any CPU.Build.0 = Debug|Any CPU
		{81DDED9D-158B-E303-5F62-77A2896D2A5A}.Release|Any CPU.ActiveCfg = Release|Any CPU
		{81DDED9D-158B-E303-5F62-77A2896D2A5A}.Release|Any CPU.Build.0 = Release|Any CPU
	EndGlobalSection
	GlobalSection(SolutionProperties) = preSolution
		HideSolutionNode = FALSE
	EndGlobalSection
	GlobalSection(ExtensibilityGlobals) = postSolution
		SolutionGuid = {F90A25BE-AC1F-49A1-AD24-4185C96D0142}
	EndGlobalSection
EndGlobal
